
Microsoft Visual Studio Solution File, Format Version 12.00
# Visual Studio Version 17
VisualStudioVersion = 17.7.34024.191
MinimumVisualStudioVersion = 10.0.40219.1
Project("{FAE04EC0-301F-11D3-BF4B-00C04F79EFBC}") = "Inverse CC bot", "Inverse CC bot.csproj", "{753661D0-1999-45DA-AEF0-B7833467ABC2}"
EndProject
Global
	GlobalSection(SolutionConfigurationPlatforms) = preSolution
		Debug|Any CPU = Debug|Any CPU
		Release|Any CPU = Release|Any CPU
	EndGlobalSection
	GlobalSection(ProjectConfigurationPlatforms) = postSolution
		{753661D0-1999-45DA-AEF0-B7833467ABC2}.Debug|Any CPU.ActiveCfg = Debug|Any CPU
		{753661D0-1999-45DA-AEF0-B7833467ABC2}.Debug|Any CPU.Build.0 = Debug|Any CPU
		{753661D0-1999-45DA-AEF0-B7833467ABC2}.Release|Any CPU.ActiveCfg = Release|Any CPU
		{753661D0-1999-45DA-AEF0-B7833467ABC2}.Release|Any CPU.Build.0 = Release|Any CPU
	EndGlobalSection
	GlobalSection(SolutionProperties) = preSolution
		HideSolutionNode = FALSE
	EndGlobalSection
	GlobalSection(ExtensibilityGlobals) = postSolution
		SolutionGuid = {B478DB7F-51B8-429D-A4CA-EEA1F9DF2622}
	EndGlobalSection
EndGlobal
